// !$*UTF8*$!
{
	archiveVersion = 1;
	classes = {
	};
	objectVersion = 50;
	objects = {

/* Begin PBXBuildFile section */
		7531A66624DDB21500F84F79 /* AppDelegate.swift in Sources */ = {isa = PBXBuildFile; fileRef = 7531A66524DDB21500F84F79 /* AppDelegate.swift */; };
		7531A66824DDB21500F84F79 /* SceneDelegate.swift in Sources */ = {isa = PBXBuildFile; fileRef = 7531A66724DDB21500F84F79 /* SceneDelegate.swift */; };
		7531A66D24DDB21500F84F79 /* Main.storyboard in Resources */ = {isa = PBXBuildFile; fileRef = 7531A66B24DDB21500F84F79 /* Main.storyboard */; };
		7531A66F24DDB21600F84F79 /* Assets.xcassets in Resources */ = {isa = PBXBuildFile; fileRef = 7531A66E24DDB21600F84F79 /* Assets.xcassets */; };
		7531A67224DDB21600F84F79 /* LaunchScreen.storyboard in Resources */ = {isa = PBXBuildFile; fileRef = 7531A67024DDB21600F84F79 /* LaunchScreen.storyboard */; };
		7531A68324DDB29200F84F79 /* Movie.swift in Sources */ = {isa = PBXBuildFile; fileRef = 7531A68224DDB29200F84F79 /* Movie.swift */; };
		7531A68524DDB56B00F84F79 /* MovieController.swift in Sources */ = {isa = PBXBuildFile; fileRef = 7531A68424DDB56B00F84F79 /* MovieController.swift */; };
		7531A68724DDB6F000F84F79 /* MovieError.swift in Sources */ = {isa = PBXBuildFile; fileRef = 7531A68624DDB6F000F84F79 /* MovieError.swift */; };
		7531A68924DDBC6200F84F79 /* MovieTableViewController.swift in Sources */ = {isa = PBXBuildFile; fileRef = 7531A68824DDBC6200F84F79 /* MovieTableViewController.swift */; };
		7531A68B24DDBC9200F84F79 /* MovieTableViewCell.swift in Sources */ = {isa = PBXBuildFile; fileRef = 7531A68A24DDBC9200F84F79 /* MovieTableViewCell.swift */; };
		7531A68D24DDC69B00F84F79 /* MovieTableViewControllerExtension.swift in Sources */ = {isa = PBXBuildFile; fileRef = 7531A68C24DDC69B00F84F79 /* MovieTableViewControllerExtension.swift */; };
/* End PBXBuildFile section */

/* Begin PBXFileReference section */
		7531A66224DDB21500F84F79 /* TMDbApp.app */ = {isa = PBXFileReference; explicitFileType = wrapper.application; includeInIndex = 0; path = TMDbApp.app; sourceTree = BUILT_PRODUCTS_DIR; };
		7531A66524DDB21500F84F79 /* AppDelegate.swift */ = {isa = PBXFileReference; lastKnownFileType = sourcecode.swift; path = AppDelegate.swift; sourceTree = "<group>"; };
		7531A66724DDB21500F84F79 /* SceneDelegate.swift */ = {isa = PBXFileReference; lastKnownFileType = sourcecode.swift; path = SceneDelegate.swift; sourceTree = "<group>"; };
		7531A66C24DDB21500F84F79 /* Base */ = {isa = PBXFileReference; lastKnownFileType = file.storyboard; name = Base; path = Base.lproj/Main.storyboard; sourceTree = "<group>"; };
		7531A66E24DDB21600F84F79 /* Assets.xcassets */ = {isa = PBXFileReference; lastKnownFileType = folder.assetcatalog; path = Assets.xcassets; sourceTree = "<group>"; };
		7531A67124DDB21600F84F79 /* Base */ = {isa = PBXFileReference; lastKnownFileType = file.storyboard; name = Base; path = Base.lproj/LaunchScreen.storyboard; sourceTree = "<group>"; };
		7531A67324DDB21600F84F79 /* Info.plist */ = {isa = PBXFileReference; lastKnownFileType = text.plist.xml; path = Info.plist; sourceTree = "<group>"; };
		7531A68224DDB29200F84F79 /* Movie.swift */ = {isa = PBXFileReference; lastKnownFileType = sourcecode.swift; path = Movie.swift; sourceTree = "<group>"; };
		7531A68424DDB56B00F84F79 /* MovieController.swift */ = {isa = PBXFileReference; lastKnownFileType = sourcecode.swift; path = MovieController.swift; sourceTree = "<group>"; };
		7531A68624DDB6F000F84F79 /* MovieError.swift */ = {isa = PBXFileReference; lastKnownFileType = sourcecode.swift; path = MovieError.swift; sourceTree = "<group>"; };
		7531A68824DDBC6200F84F79 /* MovieTableViewController.swift */ = {isa = PBXFileReference; lastKnownFileType = sourcecode.swift; path = MovieTableViewController.swift; sourceTree = "<group>"; };
		7531A68A24DDBC9200F84F79 /* MovieTableViewCell.swift */ = {isa = PBXFileReference; lastKnownFileType = sourcecode.swift; path = MovieTableViewCell.swift; sourceTree = "<group>"; };
		7531A68C24DDC69B00F84F79 /* MovieTableViewControllerExtension.swift */ = {isa = PBXFileReference; lastKnownFileType = sourcecode.swift; path = MovieTableViewControllerExtension.swift; sourceTree = "<group>"; };
/* End PBXFileReference section */

/* Begin PBXFrameworksBuildPhase section */
		7531A65F24DDB21500F84F79 /* Frameworks */ = {
			isa = PBXFrameworksBuildPhase;
			buildActionMask = 2147483647;
			files = (
			);
			runOnlyForDeploymentPostprocessing = 0;
		};
/* End PBXFrameworksBuildPhase section */

/* Begin PBXGroup section */
		7531A65924DDB21500F84F79 = {
			isa = PBXGroup;
			children = (
				7531A66424DDB21500F84F79 /* TMDbApp */,
				7531A66324DDB21500F84F79 /* Products */,
			);
			sourceTree = "<group>";
		};
		7531A66324DDB21500F84F79 /* Products */ = {
			isa = PBXGroup;
			children = (
				7531A66224DDB21500F84F79 /* TMDbApp.app */,
			);
			name = Products;
			sourceTree = "<group>";
		};
		7531A66424DDB21500F84F79 /* TMDbApp */ = {
			isa = PBXGroup;
			children = (
				7531A66B24DDB21500F84F79 /* Main.storyboard */,
				7531A67F24DDB26700F84F79 /* CustomCell */,
				7531A67E24DDB25F00F84F79 /* Helpers&Extensions */,
				7531A67B24DDB24F00F84F79 /* Controllers */,
				7531A67A24DDB24B00F84F79 /* Model */,
				7531A67924DDB22800F84F79 /* Resources */,
			);
			path = TMDbApp;
			sourceTree = "<group>";
		};
		7531A67924DDB22800F84F79 /* Resources */ = {
			isa = PBXGroup;
			children = (
				7531A66524DDB21500F84F79 /* AppDelegate.swift */,
				7531A66724DDB21500F84F79 /* SceneDelegate.swift */,
				7531A66E24DDB21600F84F79 /* Assets.xcassets */,
				7531A67024DDB21600F84F79 /* LaunchScreen.storyboard */,
				7531A67324DDB21600F84F79 /* Info.plist */,
			);
			path = Resources;
			sourceTree = "<group>";
		};
		7531A67A24DDB24B00F84F79 /* Model */ = {
			isa = PBXGroup;
			children = (
				7531A68224DDB29200F84F79 /* Movie.swift */,
			);
			path = Model;
			sourceTree = "<group>";
		};
		7531A67B24DDB24F00F84F79 /* Controllers */ = {
			isa = PBXGroup;
			children = (
				7531A67D24DDB25900F84F79 /* ViewControllers */,
				7531A67C24DDB25300F84F79 /* ModelController */,
			);
			path = Controllers;
			sourceTree = "<group>";
		};
		7531A67C24DDB25300F84F79 /* ModelController */ = {
			isa = PBXGroup;
			children = (
				7531A68424DDB56B00F84F79 /* MovieController.swift */,
			);
			path = ModelController;
			sourceTree = "<group>";
		};
		7531A67D24DDB25900F84F79 /* ViewControllers */ = {
			isa = PBXGroup;
			children = (
				7531A68824DDBC6200F84F79 /* MovieTableViewController.swift */,
			);
			path = ViewControllers;
			sourceTree = "<group>";
		};
		7531A67E24DDB25F00F84F79 /* Helpers&Extensions */ = {
			isa = PBXGroup;
			children = (
				7531A68624DDB6F000F84F79 /* MovieError.swift */,
				7531A68C24DDC69B00F84F79 /* MovieTableViewControllerExtension.swift */,
			);
			path = "Helpers&Extensions";
			sourceTree = "<group>";
		};
		7531A67F24DDB26700F84F79 /* CustomCell */ = {
			isa = PBXGroup;
			children = (
				7531A68A24DDBC9200F84F79 /* MovieTableViewCell.swift */,
			);
			path = CustomCell;
			sourceTree = "<group>";
		};
/* End PBXGroup section */

/* Begin PBXNativeTarget section */
		7531A66124DDB21500F84F79 /* TMDbApp */ = {
			isa = PBXNativeTarget;
			buildConfigurationList = 7531A67624DDB21600F84F79 /* Build configuration list for PBXNativeTarget "TMDbApp" */;
			buildPhases = (
				7531A65E24DDB21500F84F79 /* Sources */,
				7531A65F24DDB21500F84F79 /* Frameworks */,
				7531A66024DDB21500F84F79 /* Resources */,
			);
			buildRules = (
			);
			dependencies = (
			);
			name = TMDbApp;
			productName = TMDbApp;
			productReference = 7531A66224DDB21500F84F79 /* TMDbApp.app */;
			productType = "com.apple.product-type.application";
		};
/* End PBXNativeTarget section */

/* Begin PBXProject section */
		7531A65A24DDB21500F84F79 /* Project object */ = {
			isa = PBXProject;
			attributes = {
				LastSwiftUpdateCheck = 1160;
				LastUpgradeCheck = 1160;
				ORGANIZATIONNAME = "Colton Swapp";
				TargetAttributes = {
					7531A66124DDB21500F84F79 = {
						CreatedOnToolsVersion = 11.6;
					};
				};
			};
			buildConfigurationList = 7531A65D24DDB21500F84F79 /* Build configuration list for PBXProject "TMDbApp" */;
			compatibilityVersion = "Xcode 9.3";
			developmentRegion = en;
			hasScannedForEncodings = 0;
			knownRegions = (
				en,
				Base,
			);
			mainGroup = 7531A65924DDB21500F84F79;
			productRefGroup = 7531A66324DDB21500F84F79 /* Products */;
			projectDirPath = "";
			projectRoot = "";
			targets = (
				7531A66124DDB21500F84F79 /* TMDbApp */,
			);
		};
/* End PBXProject section */

/* Begin PBXResourcesBuildPhase section */
		7531A66024DDB21500F84F79 /* Resources */ = {
			isa = PBXResourcesBuildPhase;
			buildActionMask = 2147483647;
			files = (
				7531A67224DDB21600F84F79 /* LaunchScreen.storyboard in Resources */,
				7531A66F24DDB21600F84F79 /* Assets.xcassets in Resources */,
				7531A66D24DDB21500F84F79 /* Main.storyboard in Resources */,
			);
			runOnlyForDeploymentPostprocessing = 0;
		};
/* End PBXResourcesBuildPhase section */

/* Begin PBXSourcesBuildPhase section */
		7531A65E24DDB21500F84F79 /* Sources */ = {
			isa = PBXSourcesBuildPhase;
			buildActionMask = 2147483647;
			files = (
				7531A68524DDB56B00F84F79 /* MovieController.swift in Sources */,
				7531A66624DDB21500F84F79 /* AppDelegate.swift in Sources */,
				7531A68B24DDBC9200F84F79 /* MovieTableViewCell.swift in Sources */,
				7531A68924DDBC6200F84F79 /* MovieTableViewController.swift in Sources */,
				7531A66824DDB21500F84F79 /* SceneDelegate.swift in Sources */,
				7531A68324DDB29200F84F79 /* Movie.swift in Sources */,
				7531A68D24DDC69B00F84F79 /* MovieTableViewControllerExtension.swift in Sources */,
				7531A68724DDB6F000F84F79 /* MovieError.swift in Sources */,
			);
			runOnlyForDeploymentPostprocessing = 0;
		};
/* End PBXSourcesBuildPhase section */

/* Begin PBXVariantGroup section */
		7531A66B24DDB21500F84F79 /* Main.storyboard */ = {
			isa = PBXVariantGroup;
			children = (
				7531A66C24DDB21500F84F79 /* Base */,
			);
			name = Main.storyboard;
			sourceTree = "<group>";
		};
		7531A67024DDB21600F84F79 /* LaunchScreen.storyboard */ = {
			isa = PBXVariantGroup;
			children = (
				7531A67124DDB21600F84F79 /* Base */,
			);
			name = LaunchScreen.storyboard;
			sourceTree = "<group>";
		};
/* End PBXVariantGroup section */

/* Begin XCBuildConfiguration section */
		7531A67424DDB21600F84F79 /* Debug */ = {
			isa = XCBuildConfiguration;
			buildSettings = {
				ALWAYS_SEARCH_USER_PATHS = NO;
				CLANG_ANALYZER_NONNULL = YES;
				CLANG_ANALYZER_NUMBER_OBJECT_CONVERSION = YES_AGGRESSIVE;
				CLANG_CXX_LANGUAGE_STANDARD = "gnu++14";
				CLANG_CXX_LIBRARY = "libc++";
				CLANG_ENABLE_MODULES = YES;
				CLANG_ENABLE_OBJC_ARC = YES;
				CLANG_ENABLE_OBJC_WEAK = YES;
				CLANG_WARN_BLOCK_CAPTURE_AUTORELEASING = YES;
				CLANG_WARN_BOOL_CONVERSION = YES;
				CLANG_WARN_COMMA = YES;
				CLANG_WARN_CONSTANT_CONVERSION = YES;
				CLANG_WARN_DEPRECATED_OBJC_IMPLEMENTATIONS = YES;
				CLANG_WARN_DIRECT_OBJC_ISA_USAGE = YES_ERROR;
				CLANG_WARN_DOCUMENTATION_COMMENTS = YES;
				CLANG_WARN_EMPTY_BODY = YES;
				CLANG_WARN_ENUM_CONVERSION = YES;
				CLANG_WARN_INFINITE_RECURSION = YES;
				CLANG_WARN_INT_CONVERSION = YES;
				CLANG_WARN_NON_LITERAL_NULL_CONVERSION = YES;
				CLANG_WARN_OBJC_IMPLICIT_RETAIN_SELF = YES;
				CLANG_WARN_OBJC_LITERAL_CONVERSION = YES;
				CLANG_WARN_OBJC_ROOT_CLASS = YES_ERROR;
				CLANG_WARN_RANGE_LOOP_ANALYSIS = YES;
				CLANG_WARN_STRICT_PROTOTYPES = YES;
				CLANG_WARN_SUSPICIOUS_MOVE = YES;
				CLANG_WARN_UNGUARDED_AVAILABILITY = YES_AGGRESSIVE;
				CLANG_WARN_UNREACHABLE_CODE = YES;
				CLANG_WARN__DUPLICATE_METHOD_MATCH = YES;
				COPY_PHASE_STRIP = NO;
				DEBUG_INFORMATION_FORMAT = dwarf;
				ENABLE_STRICT_OBJC_MSGSEND = YES;
				ENABLE_TESTABILITY = YES;
				GCC_C_LANGUAGE_STANDARD = gnu11;
				GCC_DYNAMIC_NO_PIC = NO;
				GCC_NO_COMMON_BLOCKS = YES;
				GCC_OPTIMIZATION_LEVEL = 0;
				GCC_PREPROCESSOR_DEFINITIONS = (
					"DEBUG=1",
					"$(inherited)",
				);
				GCC_WARN_64_TO_32_BIT_CONVERSION = YES;
				GCC_WARN_ABOUT_RETURN_TYPE = YES_ERROR;
				GCC_WARN_UNDECLARED_SELECTOR = YES;
				GCC_WARN_UNINITIALIZED_AUTOS = YES_AGGRESSIVE;
				GCC_WARN_UNUSED_FUNCTION = YES;
				GCC_WARN_UNUSED_VARIABLE = YES;
				IPHONEOS_DEPLOYMENT_TARGET = 13.6;
				MTL_ENABLE_DEBUG_INFO = INCLUDE_SOURCE;
				MTL_FAST_MATH = YES;
				ONLY_ACTIVE_ARCH = YES;
				SDKROOT = iphoneos;
				SWIFT_ACTIVE_COMPILATION_CONDITIONS = DEBUG;
				SWIFT_OPTIMIZATION_LEVEL = "-Onone";
			};
			name = Debug;
		};
		7531A67524DDB21600F84F79 /* Release */ = {
			isa = XCBuildConfiguration;
			buildSettings = {
				ALWAYS_SEARCH_USER_PATHS = NO;
				CLANG_ANALYZER_NONNULL = YES;
				CLANG_ANALYZER_NUMBER_OBJECT_CONVERSION = YES_AGGRESSIVE;
				CLANG_CXX_LANGUAGE_STANDARD = "gnu++14";
				CLANG_CXX_LIBRARY = "libc++";
				CLANG_ENABLE_MODULES = YES;
				CLANG_ENABLE_OBJC_ARC = YES;
				CLANG_ENABLE_OBJC_WEAK = YES;
				CLANG_WARN_BLOCK_CAPTURE_AUTORELEASING = YES;
				CLANG_WARN_BOOL_CONVERSION = YES;
				CLANG_WARN_COMMA = YES;
				CLANG_WARN_CONSTANT_CONVERSION = YES;
				CLANG_WARN_DEPRECATED_OBJC_IMPLEMENTATIONS = YES;
				CLANG_WARN_DIRECT_OBJC_ISA_USAGE = YES_ERROR;
				CLANG_WARN_DOCUMENTATION_COMMENTS = YES;
				CLANG_WARN_EMPTY_BODY = YES;
				CLANG_WARN_ENUM_CONVERSION = YES;
				CLANG_WARN_INFINITE_RECURSION = YES;
				CLANG_WARN_INT_CONVERSION = YES;
				CLANG_WARN_NON_LITERAL_NULL_CONVERSION = YES;
				CLANG_WARN_OBJC_IMPLICIT_RETAIN_SELF = YES;
				CLANG_WARN_OBJC_LITERAL_CONVERSION = YES;
				CLANG_WARN_OBJC_ROOT_CLASS = YES_ERROR;
				CLANG_WARN_RANGE_LOOP_ANALYSIS = YES;
				CLANG_WARN_STRICT_PROTOTYPES = YES;
				CLANG_WARN_SUSPICIOUS_MOVE = YES;
				CLANG_WARN_UNGUARDED_AVAILABILITY = YES_AGGRESSIVE;
				CLANG_WARN_UNREACHABLE_CODE = YES;
				CLANG_WARN__DUPLICATE_METHOD_MATCH = YES;
				COPY_PHASE_STRIP = NO;
				DEBUG_INFORMATION_FORMAT = "dwarf-with-dsym";
				ENABLE_NS_ASSERTIONS = NO;
				ENABLE_STRICT_OBJC_MSGSEND = YES;
				GCC_C_LANGUAGE_STANDARD = gnu11;
				GCC_NO_COMMON_BLOCKS = YES;
				GCC_WARN_64_TO_32_BIT_CONVERSION = YES;
				GCC_WARN_ABOUT_RETURN_TYPE = YES_ERROR;
				GCC_WARN_UNDECLARED_SELECTOR = YES;
				GCC_WARN_UNINITIALIZED_AUTOS = YES_AGGRESSIVE;
				GCC_WARN_UNUSED_FUNCTION = YES;
				GCC_WARN_UNUSED_VARIABLE = YES;
				IPHONEOS_DEPLOYMENT_TARGET = 13.6;
				MTL_ENABLE_DEBUG_INFO = NO;
				MTL_FAST_MATH = YES;
				SDKROOT = iphoneos;
				SWIFT_COMPILATION_MODE = wholemodule;
				SWIFT_OPTIMIZATION_LEVEL = "-O";
				VALIDATE_PRODUCT = YES;
			};
			name = Release;
		};
		7531A67724DDB21600F84F79 /* Debug */ = {
			isa = XCBuildConfiguration;
			buildSettings = {
				ASSETCATALOG_COMPILER_APPICON_NAME = AppIcon;
				CODE_SIGN_STYLE = Automatic;
				DEVELOPMENT_TEAM = JW8ZF569KC;
				INFOPLIST_FILE = TMDbApp/Resources/Info.plist;
				LD_RUNPATH_SEARCH_PATHS = (
					"$(inherited)",
					"@executable_path/Frameworks",
				);
				PRODUCT_BUNDLE_IDENTIFIER = com.SwappDev.TMDbApp;
				PRODUCT_NAME = "$(TARGET_NAME)";
				SWIFT_VERSION = 5.0;
				TARGETED_DEVICE_FAMILY = "1,2";
			};
			name = Debug;
		};
		7531A67824DDB21600F84F79 /* Release */ = {
			isa = XCBuildConfiguration;
			buildSettings = {
				ASSETCATALOG_COMPILER_APPICON_NAME = AppIcon;
				CODE_SIGN_STYLE = Automatic;
				DEVELOPMENT_TEAM = JW8ZF569KC;
				INFOPLIST_FILE = TMDbApp/Resources/Info.plist;
				LD_RUNPATH_SEARCH_PATHS = (
					"$(inherited)",
					"@executable_path/Frameworks",
				);
				PRODUCT_BUNDLE_IDENTIFIER = com.SwappDev.TMDbApp;
				PRODUCT_NAME = "$(TARGET_NAME)";
				SWIFT_VERSION = 5.0;
				TARGETED_DEVICE_FAMILY = "1,2";
			};
			name = Release;
		};
/* End XCBuildConfiguration section */

/* Begin XCConfigurationList section */
		7531A65D24DDB21500F84F79 /* Build configuration list for PBXProject "TMDbApp" */ = {
			isa = XCConfigurationList;
			buildConfigurations = (
				7531A67424DDB21600F84F79 /* Debug */,
				7531A67524DDB21600F84F79 /* Release */,
			);
			defaultConfigurationIsVisible = 0;
			defaultConfigurationName = Release;
		};
		7531A67624DDB21600F84F79 /* Build configuration list for PBXNativeTarget "TMDbApp" */ = {
			isa = XCConfigurationList;
			buildConfigurations = (
				7531A67724DDB21600F84F79 /* Debug */,
				7531A67824DDB21600F84F79 /* Release */,
			);
			defaultConfigurationIsVisible = 0;
			defaultConfigurationName = Release;
		};
/* End XCConfigurationList section */
	};
	rootObject = 7531A65A24DDB21500F84F79 /* Project object */;
}
